// !$*UTF8*$!
{
	archiveVersion = 1;
	classes = {
	};
	objectVersion = 48;
	objects = {

/* Begin PBXBuildFile section */
		456791DE20DADADB007DD4FC /* CreateQuestionViewController.swift in Sources */ = {isa = PBXBuildFile; fileRef = 456791DA20DADADB007DD4FC /* CreateQuestionViewController.swift */; };
		456791DF20DADADB007DD4FC /* HomeViewController.swift in Sources */ = {isa = PBXBuildFile; fileRef = 456791DB20DADADB007DD4FC /* HomeViewController.swift */; };
		456791E020DADADB007DD4FC /* QuestionTableViewCell.swift in Sources */ = {isa = PBXBuildFile; fileRef = 456791DC20DADADB007DD4FC /* QuestionTableViewCell.swift */; };
		456791E120DADADB007DD4FC /* QuestionViewController.swift in Sources */ = {isa = PBXBuildFile; fileRef = 456791DD20DADADB007DD4FC /* QuestionViewController.swift */; };
		45B6C92D20DA06E400C32F85 /* AppDelegate.swift in Sources */ = {isa = PBXBuildFile; fileRef = 45B6C92C20DA06E400C32F85 /* AppDelegate.swift */; };
		45B6C93220DA06E400C32F85 /* Main.storyboard in Resources */ = {isa = PBXBuildFile; fileRef = 45B6C93020DA06E400C32F85 /* Main.storyboard */; };
		45B6C93420DA06E400C32F85 /* Assets.xcassets in Resources */ = {isa = PBXBuildFile; fileRef = 45B6C93320DA06E400C32F85 /* Assets.xcassets */; };
		45B6C93720DA06E400C32F85 /* LaunchScreen.storyboard in Resources */ = {isa = PBXBuildFile; fileRef = 45B6C93520DA06E400C32F85 /* LaunchScreen.storyboard */; };
		45B6C94420DA177200C32F85 /* Question.swift in Sources */ = {isa = PBXBuildFile; fileRef = 45B6C94320DA177200C32F85 /* Question.swift */; };
		45B6C94620DA19F900C32F85 /* User.swift in Sources */ = {isa = PBXBuildFile; fileRef = 45B6C94520DA19F900C32F85 /* User.swift */; };
		45B6C94820DA1E6A00C32F85 /* GoogleService-Info.plist in Resources */ = {isa = PBXBuildFile; fileRef = 45B6C94720DA1E6A00C32F85 /* GoogleService-Info.plist */; };
		45B6C94A20DA389E00C32F85 /* Message.swift in Sources */ = {isa = PBXBuildFile; fileRef = 45B6C94920DA389E00C32F85 /* Message.swift */; };
		C886CD5D5664AFBF6CA429BD /* Pods_T_each.framework in Frameworks */ = {isa = PBXBuildFile; fileRef = 6EC21AC8E6E8AE3717E3D7C4 /* Pods_T_each.framework */; };
/* End PBXBuildFile section */

/* Begin PBXFileReference section */
		142CCC87F1DFFBA29B424175 /* Pods-T-each.release.xcconfig */ = {isa = PBXFileReference; includeInIndex = 1; lastKnownFileType = text.xcconfig; name = "Pods-T-each.release.xcconfig"; path = "Pods/Target Support Files/Pods-T-each/Pods-T-each.release.xcconfig"; sourceTree = "<group>"; };
		456791DA20DADADB007DD4FC /* CreateQuestionViewController.swift */ = {isa = PBXFileReference; fileEncoding = 4; lastKnownFileType = sourcecode.swift; path = CreateQuestionViewController.swift; sourceTree = "<group>"; };
		456791DB20DADADB007DD4FC /* HomeViewController.swift */ = {isa = PBXFileReference; fileEncoding = 4; lastKnownFileType = sourcecode.swift; path = HomeViewController.swift; sourceTree = "<group>"; };
		456791DC20DADADB007DD4FC /* QuestionTableViewCell.swift */ = {isa = PBXFileReference; fileEncoding = 4; lastKnownFileType = sourcecode.swift; path = QuestionTableViewCell.swift; sourceTree = "<group>"; };
		456791DD20DADADB007DD4FC /* QuestionViewController.swift */ = {isa = PBXFileReference; fileEncoding = 4; lastKnownFileType = sourcecode.swift; path = QuestionViewController.swift; sourceTree = "<group>"; };
		45B6C92920DA06E400C32F85 /* T-each.app */ = {isa = PBXFileReference; explicitFileType = wrapper.application; includeInIndex = 0; path = "T-each.app"; sourceTree = BUILT_PRODUCTS_DIR; };
		45B6C92C20DA06E400C32F85 /* AppDelegate.swift */ = {isa = PBXFileReference; lastKnownFileType = sourcecode.swift; path = AppDelegate.swift; sourceTree = "<group>"; };
		45B6C93120DA06E400C32F85 /* Base */ = {isa = PBXFileReference; lastKnownFileType = file.storyboard; name = Base; path = Base.lproj/Main.storyboard; sourceTree = "<group>"; };
		45B6C93320DA06E400C32F85 /* Assets.xcassets */ = {isa = PBXFileReference; lastKnownFileType = folder.assetcatalog; path = Assets.xcassets; sourceTree = "<group>"; };
		45B6C93620DA06E400C32F85 /* Base */ = {isa = PBXFileReference; lastKnownFileType = file.storyboard; name = Base; path = Base.lproj/LaunchScreen.storyboard; sourceTree = "<group>"; };
		45B6C93820DA06E400C32F85 /* Info.plist */ = {isa = PBXFileReference; lastKnownFileType = text.plist.xml; path = Info.plist; sourceTree = "<group>"; };
		45B6C94320DA177200C32F85 /* Question.swift */ = {isa = PBXFileReference; lastKnownFileType = sourcecode.swift; path = Question.swift; sourceTree = "<group>"; };
		45B6C94520DA19F900C32F85 /* User.swift */ = {isa = PBXFileReference; lastKnownFileType = sourcecode.swift; path = User.swift; sourceTree = "<group>"; };
		45B6C94720DA1E6A00C32F85 /* GoogleService-Info.plist */ = {isa = PBXFileReference; fileEncoding = 4; lastKnownFileType = text.plist.xml; path = "GoogleService-Info.plist"; sourceTree = "<group>"; };
		45B6C94920DA389E00C32F85 /* Message.swift */ = {isa = PBXFileReference; lastKnownFileType = sourcecode.swift; path = Message.swift; sourceTree = "<group>"; };
		6EC21AC8E6E8AE3717E3D7C4 /* Pods_T_each.framework */ = {isa = PBXFileReference; explicitFileType = wrapper.framework; includeInIndex = 0; path = Pods_T_each.framework; sourceTree = BUILT_PRODUCTS_DIR; };
		8F12BA10972FD3AA4D4ADBD9 /* Pods-T-each.debug.xcconfig */ = {isa = PBXFileReference; includeInIndex = 1; lastKnownFileType = text.xcconfig; name = "Pods-T-each.debug.xcconfig"; path = "Pods/Target Support Files/Pods-T-each/Pods-T-each.debug.xcconfig"; sourceTree = "<group>"; };
/* End PBXFileReference section */

/* Begin PBXFrameworksBuildPhase section */
		45B6C92620DA06E400C32F85 /* Frameworks */ = {
			isa = PBXFrameworksBuildPhase;
			buildActionMask = 2147483647;
			files = (
				C886CD5D5664AFBF6CA429BD /* Pods_T_each.framework in Frameworks */,
			);
			runOnlyForDeploymentPostprocessing = 0;
		};
/* End PBXFrameworksBuildPhase section */

/* Begin PBXGroup section */
		3CFB5B2BE08326B11899B2A4 /* Pods */ = {
			isa = PBXGroup;
			children = (
				8F12BA10972FD3AA4D4ADBD9 /* Pods-T-each.debug.xcconfig */,
				142CCC87F1DFFBA29B424175 /* Pods-T-each.release.xcconfig */,
			);
			name = Pods;
			sourceTree = "<group>";
		};
		456791D920DADADB007DD4FC /* VC */ = {
			isa = PBXGroup;
			children = (
				456791DA20DADADB007DD4FC /* CreateQuestionViewController.swift */,
				456791DB20DADADB007DD4FC /* HomeViewController.swift */,
				456791DC20DADADB007DD4FC /* QuestionTableViewCell.swift */,
				456791DD20DADADB007DD4FC /* QuestionViewController.swift */,
			);
			path = VC;
			sourceTree = "<group>";
		};
		45B6C92020DA06E300C32F85 = {
			isa = PBXGroup;
			children = (
				45B6C92B20DA06E400C32F85 /* T-each */,
				45B6C92A20DA06E400C32F85 /* Products */,
				3CFB5B2BE08326B11899B2A4 /* Pods */,
				7B219C27AE1512DBD83850B6 /* Frameworks */,
			);
			sourceTree = "<group>";
		};
		45B6C92A20DA06E400C32F85 /* Products */ = {
			isa = PBXGroup;
			children = (
				45B6C92920DA06E400C32F85 /* T-each.app */,
			);
			name = Products;
			sourceTree = "<group>";
		};
		45B6C92B20DA06E400C32F85 /* T-each */ = {
			isa = PBXGroup;
			children = (
				45B6C92C20DA06E400C32F85 /* AppDelegate.swift */,
				456791D920DADADB007DD4FC /* VC */,
				45B6C94220DA174C00C32F85 /* Model */,
				45B6C93020DA06E400C32F85 /* Main.storyboard */,
				45B6C93320DA06E400C32F85 /* Assets.xcassets */,
				45B6C93520DA06E400C32F85 /* LaunchScreen.storyboard */,
				45B6C93820DA06E400C32F85 /* Info.plist */,
				45B6C94720DA1E6A00C32F85 /* GoogleService-Info.plist */,
			);
			path = "T-each";
			sourceTree = "<group>";
		};
		45B6C94220DA174C00C32F85 /* Model */ = {
			isa = PBXGroup;
			children = (
				45B6C94320DA177200C32F85 /* Question.swift */,
				45B6C94520DA19F900C32F85 /* User.swift */,
				45B6C94920DA389E00C32F85 /* Message.swift */,
			);
			path = Model;
			sourceTree = "<group>";
		};
		7B219C27AE1512DBD83850B6 /* Frameworks */ = {
			isa = PBXGroup;
			children = (
				6EC21AC8E6E8AE3717E3D7C4 /* Pods_T_each.framework */,
			);
			name = Frameworks;
			sourceTree = "<group>";
		};
/* End PBXGroup section */

/* Begin PBXNativeTarget section */
		45B6C92820DA06E400C32F85 /* T-each */ = {
			isa = PBXNativeTarget;
			buildConfigurationList = 45B6C93B20DA06E400C32F85 /* Build configuration list for PBXNativeTarget "T-each" */;
			buildPhases = (
				196D1CEF457328659D81E250 /* [CP] Check Pods Manifest.lock */,
				45B6C92520DA06E400C32F85 /* Sources */,
				45B6C92620DA06E400C32F85 /* Frameworks */,
				45B6C92720DA06E400C32F85 /* Resources */,
				4A67C5A38EB33E627D932929 /* [CP] Embed Pods Frameworks */,
			);
			buildRules = (
			);
			dependencies = (
			);
			name = "T-each";
			productName = "T-each";
			productReference = 45B6C92920DA06E400C32F85 /* T-each.app */;
			productType = "com.apple.product-type.application";
		};
/* End PBXNativeTarget section */

/* Begin PBXProject section */
		45B6C92120DA06E300C32F85 /* Project object */ = {
			isa = PBXProject;
			attributes = {
				LastSwiftUpdateCheck = 0920;
				LastUpgradeCheck = 0920;
				ORGANIZATIONNAME = hiro;
				TargetAttributes = {
					45B6C92820DA06E400C32F85 = {
						CreatedOnToolsVersion = 9.2;
						ProvisioningStyle = Automatic;
					};
				};
			};
			buildConfigurationList = 45B6C92420DA06E400C32F85 /* Build configuration list for PBXProject "T-each" */;
			compatibilityVersion = "Xcode 8.0";
			developmentRegion = en;
			hasScannedForEncodings = 0;
			knownRegions = (
				en,
				Base,
			);
			mainGroup = 45B6C92020DA06E300C32F85;
			productRefGroup = 45B6C92A20DA06E400C32F85 /* Products */;
			projectDirPath = "";
			projectRoot = "";
			targets = (
				45B6C92820DA06E400C32F85 /* T-each */,
			);
		};
/* End PBXProject section */

/* Begin PBXResourcesBuildPhase section */
		45B6C92720DA06E400C32F85 /* Resources */ = {
			isa = PBXResourcesBuildPhase;
			buildActionMask = 2147483647;
			files = (
				45B6C93720DA06E400C32F85 /* LaunchScreen.storyboard in Resources */,
				45B6C94820DA1E6A00C32F85 /* GoogleService-Info.plist in Resources */,
				45B6C93420DA06E400C32F85 /* Assets.xcassets in Resources */,
				45B6C93220DA06E400C32F85 /* Main.storyboard in Resources */,
			);
			runOnlyForDeploymentPostprocessing = 0;
		};
/* End PBXResourcesBuildPhase section */

/* Begin PBXShellScriptBuildPhase section */
		196D1CEF457328659D81E250 /* [CP] Check Pods Manifest.lock */ = {
			isa = PBXShellScriptBuildPhase;
			buildActionMask = 2147483647;
			files = (
			);
			inputPaths = (
				"${PODS_PODFILE_DIR_PATH}/Podfile.lock",
				"${PODS_ROOT}/Manifest.lock",
			);
			name = "[CP] Check Pods Manifest.lock";
			outputPaths = (
				"$(DERIVED_FILE_DIR)/Pods-T-each-checkManifestLockResult.txt",
			);
			runOnlyForDeploymentPostprocessing = 0;
			shellPath = /bin/sh;
			shellScript = "diff \"${PODS_PODFILE_DIR_PATH}/Podfile.lock\" \"${PODS_ROOT}/Manifest.lock\" > /dev/null\nif [ $? != 0 ] ; then\n    # print error to STDERR\n    echo \"error: The sandbox is not in sync with the Podfile.lock. Run 'pod install' or update your CocoaPods installation.\" >&2\n    exit 1\nfi\n# This output is used by Xcode 'outputs' to avoid re-running this script phase.\necho \"SUCCESS\" > \"${SCRIPT_OUTPUT_FILE_0}\"\n";
			showEnvVarsInLog = 0;
		};
		4A67C5A38EB33E627D932929 /* [CP] Embed Pods Frameworks */ = {
			isa = PBXShellScriptBuildPhase;
			buildActionMask = 2147483647;
			files = (
			);
			inputPaths = (
				"${SRCROOT}/Pods/Target Support Files/Pods-T-each/Pods-T-each-frameworks.sh",
				"${BUILT_PRODUCTS_DIR}/BoringSSL/openssl.framework",
				"${BUILT_PRODUCTS_DIR}/GTMSessionFetcher/GTMSessionFetcher.framework",
				"${BUILT_PRODUCTS_DIR}/GoogleToolboxForMac/GoogleToolboxForMac.framework",
				"${BUILT_PRODUCTS_DIR}/Protobuf/Protobuf.framework",
				"${BUILT_PRODUCTS_DIR}/gRPC/GRPCClient.framework",
				"${BUILT_PRODUCTS_DIR}/gRPC-Core/grpc.framework",
				"${BUILT_PRODUCTS_DIR}/gRPC-ProtoRPC/ProtoRPC.framework",
				"${BUILT_PRODUCTS_DIR}/gRPC-RxLibrary/RxLibrary.framework",
				"${BUILT_PRODUCTS_DIR}/leveldb-library/leveldb.framework",
				"${BUILT_PRODUCTS_DIR}/nanopb/nanopb.framework",
			);
			name = "[CP] Embed Pods Frameworks";
			outputPaths = (
				"${TARGET_BUILD_DIR}/${FRAMEWORKS_FOLDER_PATH}/openssl.framework",
				"${TARGET_BUILD_DIR}/${FRAMEWORKS_FOLDER_PATH}/GTMSessionFetcher.framework",
				"${TARGET_BUILD_DIR}/${FRAMEWORKS_FOLDER_PATH}/GoogleToolboxForMac.framework",
				"${TARGET_BUILD_DIR}/${FRAMEWORKS_FOLDER_PATH}/Protobuf.framework",
				"${TARGET_BUILD_DIR}/${FRAMEWORKS_FOLDER_PATH}/GRPCClient.framework",
				"${TARGET_BUILD_DIR}/${FRAMEWORKS_FOLDER_PATH}/grpc.framework",
				"${TARGET_BUILD_DIR}/${FRAMEWORKS_FOLDER_PATH}/ProtoRPC.framework",
				"${TARGET_BUILD_DIR}/${FRAMEWORKS_FOLDER_PATH}/RxLibrary.framework",
				"${TARGET_BUILD_DIR}/${FRAMEWORKS_FOLDER_PATH}/leveldb.framework",
				"${TARGET_BUILD_DIR}/${FRAMEWORKS_FOLDER_PATH}/nanopb.framework",
			);
			runOnlyForDeploymentPostprocessing = 0;
			shellPath = /bin/sh;
			shellScript = "\"${SRCROOT}/Pods/Target Support Files/Pods-T-each/Pods-T-each-frameworks.sh\"\n";
			showEnvVarsInLog = 0;
		};
/* End PBXShellScriptBuildPhase section */

/* Begin PBXSourcesBuildPhase section */
		45B6C92520DA06E400C32F85 /* Sources */ = {
			isa = PBXSourcesBuildPhase;
			buildActionMask = 2147483647;
			files = (
				45B6C94420DA177200C32F85 /* Question.swift in Sources */,
				45B6C92D20DA06E400C32F85 /* AppDelegate.swift in Sources */,
				456791DE20DADADB007DD4FC /* CreateQuestionViewController.swift in Sources */,
				45B6C94A20DA389E00C32F85 /* Message.swift in Sources */,
				45B6C94620DA19F900C32F85 /* User.swift in Sources */,
				456791DF20DADADB007DD4FC /* HomeViewController.swift in Sources */,
				456791E120DADADB007DD4FC /* QuestionViewController.swift in Sources */,
				456791E020DADADB007DD4FC /* QuestionTableViewCell.swift in Sources */,
			);
			runOnlyForDeploymentPostprocessing = 0;
		};
/* End PBXSourcesBuildPhase section */

/* Begin PBXVariantGroup section */
		45B6C93020DA06E400C32F85 /* Main.storyboard */ = {
			isa = PBXVariantGroup;
			children = (
				45B6C93120DA06E400C32F85 /* Base */,
			);
			name = Main.storyboard;
			sourceTree = "<group>";
		};
		45B6C93520DA06E400C32F85 /* LaunchScreen.storyboard */ = {
			isa = PBXVariantGroup;
			children = (
				45B6C93620DA06E400C32F85 /* Base */,
			);
			name = LaunchScreen.storyboard;
			sourceTree = "<group>";
		};
/* End PBXVariantGroup section */

/* Begin XCBuildConfiguration section */
		45B6C93920DA06E400C32F85 /* Debug */ = {
			isa = XCBuildConfiguration;
			buildSettings = {
				ALWAYS_SEARCH_USER_PATHS = NO;
				CLANG_ANALYZER_NONNULL = YES;
				CLANG_ANALYZER_NUMBER_OBJECT_CONVERSION = YES_AGGRESSIVE;
				CLANG_CXX_LANGUAGE_STANDARD = "gnu++14";
				CLANG_CXX_LIBRARY = "libc++";
				CLANG_ENABLE_MODULES = YES;
				CLANG_ENABLE_OBJC_ARC = YES;
				CLANG_WARN_BLOCK_CAPTURE_AUTORELEASING = YES;
				CLANG_WARN_BOOL_CONVERSION = YES;
				CLANG_WARN_COMMA = YES;
				CLANG_WARN_CONSTANT_CONVERSION = YES;
				CLANG_WARN_DIRECT_OBJC_ISA_USAGE = YES_ERROR;
				CLANG_WARN_DOCUMENTATION_COMMENTS = YES;
				CLANG_WARN_EMPTY_BODY = YES;
				CLANG_WARN_ENUM_CONVERSION = YES;
				CLANG_WARN_INFINITE_RECURSION = YES;
				CLANG_WARN_INT_CONVERSION = YES;
				CLANG_WARN_NON_LITERAL_NULL_CONVERSION = YES;
				CLANG_WARN_OBJC_LITERAL_CONVERSION = YES;
				CLANG_WARN_OBJC_ROOT_CLASS = YES_ERROR;
				CLANG_WARN_RANGE_LOOP_ANALYSIS = YES;
				CLANG_WARN_STRICT_PROTOTYPES = YES;
				CLANG_WARN_SUSPICIOUS_MOVE = YES;
				CLANG_WARN_UNGUARDED_AVAILABILITY = YES_AGGRESSIVE;
				CLANG_WARN_UNREACHABLE_CODE = YES;
				CLANG_WARN__DUPLICATE_METHOD_MATCH = YES;
				CODE_SIGN_IDENTITY = "iPhone Developer";
				COPY_PHASE_STRIP = NO;
				DEBUG_INFORMATION_FORMAT = dwarf;
				ENABLE_STRICT_OBJC_MSGSEND = YES;
				ENABLE_TESTABILITY = YES;
				GCC_C_LANGUAGE_STANDARD = gnu11;
				GCC_DYNAMIC_NO_PIC = NO;
				GCC_NO_COMMON_BLOCKS = YES;
				GCC_OPTIMIZATION_LEVEL = 0;
				GCC_PREPROCESSOR_DEFINITIONS = (
					"DEBUG=1",
					"$(inherited)",
				);
				GCC_WARN_64_TO_32_BIT_CONVERSION = YES;
				GCC_WARN_ABOUT_RETURN_TYPE = YES_ERROR;
				GCC_WARN_UNDECLARED_SELECTOR = YES;
				GCC_WARN_UNINITIALIZED_AUTOS = YES_AGGRESSIVE;
				GCC_WARN_UNUSED_FUNCTION = YES;
				GCC_WARN_UNUSED_VARIABLE = YES;
				IPHONEOS_DEPLOYMENT_TARGET = 11.2;
				MTL_ENABLE_DEBUG_INFO = YES;
				ONLY_ACTIVE_ARCH = YES;
				SDKROOT = iphoneos;
				SWIFT_ACTIVE_COMPILATION_CONDITIONS = DEBUG;
				SWIFT_OPTIMIZATION_LEVEL = "-Onone";
			};
			name = Debug;
		};
		45B6C93A20DA06E400C32F85 /* Release */ = {
			isa = XCBuildConfiguration;
			buildSettings = {
				ALWAYS_SEARCH_USER_PATHS = NO;
				CLANG_ANALYZER_NONNULL = YES;
				CLANG_ANALYZER_NUMBER_OBJECT_CONVERSION = YES_AGGRESSIVE;
				CLANG_CXX_LANGUAGE_STANDARD = "gnu++14";
				CLANG_CXX_LIBRARY = "libc++";
				CLANG_ENABLE_MODULES = YES;
				CLANG_ENABLE_OBJC_ARC = YES;
				CLANG_WARN_BLOCK_CAPTURE_AUTORELEASING = YES;
				CLANG_WARN_BOOL_CONVERSION = YES;
				CLANG_WARN_COMMA = YES;
				CLANG_WARN_CONSTANT_CONVERSION = YES;
				CLANG_WARN_DIRECT_OBJC_ISA_USAGE = YES_ERROR;
				CLANG_WARN_DOCUMENTATION_COMMENTS = YES;
				CLANG_WARN_EMPTY_BODY = YES;
				CLANG_WARN_ENUM_CONVERSION = YES;
				CLANG_WARN_INFINITE_RECURSION = YES;
				CLANG_WARN_INT_CONVERSION = YES;
				CLANG_WARN_NON_LITERAL_NULL_CONVERSION = YES;
				CLANG_WARN_OBJC_LITERAL_CONVERSION = YES;
				CLANG_WARN_OBJC_ROOT_CLASS = YES_ERROR;
				CLANG_WARN_RANGE_LOOP_ANALYSIS = YES;
				CLANG_WARN_STRICT_PROTOTYPES = YES;
				CLANG_WARN_SUSPICIOUS_MOVE = YES;
				CLANG_WARN_UNGUARDED_AVAILABILITY = YES_AGGRESSIVE;
				CLANG_WARN_UNREACHABLE_CODE = YES;
				CLANG_WARN__DUPLICATE_METHOD_MATCH = YES;
				CODE_SIGN_IDENTITY = "iPhone Developer";
				COPY_PHASE_STRIP = NO;
				DEBUG_INFORMATION_FORMAT = "dwarf-with-dsym";
				ENABLE_NS_ASSERTIONS = NO;
				ENABLE_STRICT_OBJC_MSGSEND = YES;
				GCC_C_LANGUAGE_STANDARD = gnu11;
				GCC_NO_COMMON_BLOCKS = YES;
				GCC_WARN_64_TO_32_BIT_CONVERSION = YES;
				GCC_WARN_ABOUT_RETURN_TYPE = YES_ERROR;
				GCC_WARN_UNDECLARED_SELECTOR = YES;
				GCC_WARN_UNINITIALIZED_AUTOS = YES_AGGRESSIVE;
				GCC_WARN_UNUSED_FUNCTION = YES;
				GCC_WARN_UNUSED_VARIABLE = YES;
				IPHONEOS_DEPLOYMENT_TARGET = 11.2;
				MTL_ENABLE_DEBUG_INFO = NO;
				SDKROOT = iphoneos;
				SWIFT_OPTIMIZATION_LEVEL = "-Owholemodule";
				VALIDATE_PRODUCT = YES;
			};
			name = Release;
		};
		45B6C93C20DA06E400C32F85 /* Debug */ = {
			isa = XCBuildConfiguration;
			baseConfigurationReference = 8F12BA10972FD3AA4D4ADBD9 /* Pods-T-each.debug.xcconfig */;
			buildSettings = {
				ASSETCATALOG_COMPILER_APPICON_NAME = AppIcon;
				CODE_SIGN_STYLE = Automatic;
				DEVELOPMENT_TEAM = SCQJ8JYW4T;
				INFOPLIST_FILE = "T-each/Info.plist";
				LD_RUNPATH_SEARCH_PATHS = "$(inherited) @executable_path/Frameworks";
				PRODUCT_BUNDLE_IDENTIFIER = "com.hiro.T-each";
				PRODUCT_NAME = "$(TARGET_NAME)";
				SWIFT_VERSION = 4.0;
				TARGETED_DEVICE_FAMILY = "1,2";
			};
			name = Debug;
		};
		45B6C93D20DA06E400C32F85 /* Release */ = {
			isa = XCBuildConfiguration;
			baseConfigurationReference = 142CCC87F1DFFBA29B424175 /* Pods-T-each.release.xcconfig */;
			buildSettings = {
				ASSETCATALOG_COMPILER_APPICON_NAME = AppIcon;
				CODE_SIGN_STYLE = Automatic;
				DEVELOPMENT_TEAM = SCQJ8JYW4T;
				INFOPLIST_FILE = "T-each/Info.plist";
				LD_RUNPATH_SEARCH_PATHS = "$(inherited) @executable_path/Frameworks";
				PRODUCT_BUNDLE_IDENTIFIER = "com.hiro.T-each";
				PRODUCT_NAME = "$(TARGET_NAME)";
				SWIFT_VERSION = 4.0;
				TARGETED_DEVICE_FAMILY = "1,2";
			};
			name = Release;
		};
/* End XCBuildConfiguration section */

/* Begin XCConfigurationList section */
		45B6C92420DA06E400C32F85 /* Build configuration list for PBXProject "T-each" */ = {
			isa = XCConfigurationList;
			buildConfigurations = (
				45B6C93920DA06E400C32F85 /* Debug */,
				45B6C93A20DA06E400C32F85 /* Release */,
			);
			defaultConfigurationIsVisible = 0;
			defaultConfigurationName = Release;
		};
		45B6C93B20DA06E400C32F85 /* Build configuration list for PBXNativeTarget "T-each" */ = {
			isa = XCConfigurationList;
			buildConfigurations = (
				45B6C93C20DA06E400C32F85 /* Debug */,
				45B6C93D20DA06E400C32F85 /* Release */,
			);
			defaultConfigurationIsVisible = 0;
			defaultConfigurationName = Release;
		};
/* End XCConfigurationList section */
	};
	rootObject = 45B6C92120DA06E300C32F85 /* Project object */;
}
